
Microsoft Visual Studio Solution File, Format Version 12.00
# Visual Studio Version 17
VisualStudioVersion = 17.2.32526.322
MinimumVisualStudioVersion = 10.0.40219.1
Project("{FAE04EC0-301F-11D3-BF4B-00C04F79EFBC}") = "OkulOtomasyonu", "OkulOtomasyonu\OkulOtomasyonu.csproj", "{5A13261A-7606-4474-B3ED-C702ACEA440F}"
EndProject
Global
	GlobalSection(SolutionConfigurationPlatforms) = preSolution
		Debug|Any CPU = Debug|Any CPU
		Release|Any CPU = Release|Any CPU
	EndGlobalSection
	GlobalSection(ProjectConfigurationPlatforms) = postSolution
		{5A13261A-7606-4474-B3ED-C702ACEA440F}.Debug|Any CPU.ActiveCfg = Debug|Any CPU
		{5A13261A-7606-4474-B3ED-C702ACEA440F}.Debug|Any CPU.Build.0 = Debug|Any CPU
		{5A13261A-7606-4474-B3ED-C702ACEA440F}.Release|Any CPU.ActiveCfg = Release|Any CPU
		{5A13261A-7606-4474-B3ED-C702ACEA440F}.Release|Any CPU.Build.0 = Release|Any CPU
	EndGlobalSection
	GlobalSection(SolutionProperties) = preSolution
		HideSolutionNode = FALSE
	EndGlobalSection
	GlobalSection(ExtensibilityGlobals) = postSolution
		SolutionGuid = {92237406-E1CD-4052-9BA4-2659F50023A7}
	EndGlobalSection
EndGlobal
